
Microsoft Visual Studio Solution File, Format Version 12.00
# Visual Studio Version 17
VisualStudioVersion = 17.3.32922.545
MinimumVisualStudioVersion = 10.0.40219.1
Project("{2150E333-8FDC-42A3-9474-1A3956D46DE8}") = "FrontEnd", "FrontEnd", "{28EFC28A-315D-48B8-B579-2E7545F68E86}"
EndProject
Project("{9A19103F-16F7-4668-BE54-9A1E7A4F7556}") = "Mango.Web", "Mango.Web\Mango.Web.csproj", "{EDE36927-51C1-4170-9137-BD79C9DB68FF}"
EndProject
Project("{2150E333-8FDC-42A3-9474-1A3956D46DE8}") = "Services", "Services", "{AF07DCE2-7764-4506-BB62-C9FAF6500594}"
EndProject
Project("{9A19103F-16F7-4668-BE54-9A1E7A4F7556}") = "Mango.Services.ProductAPI", "Mango.Services.ProductAPI\Mango.Services.ProductAPI.csproj", "{CDBD1445-575D-4327-AAC3-1CFE1D861F24}"
EndProject
Project("{9A19103F-16F7-4668-BE54-9A1E7A4F7556}") = "Mango.Services.ShoppingCartAPI", "Mango.Services.ShoppingCartAPI\Mango.Services.ShoppingCartAPI.csproj", "{DBE713A0-C218-44E6-B8F3-1C883D389D4E}"
EndProject
Project("{9A19103F-16F7-4668-BE54-9A1E7A4F7556}") = "Mango.Services.Identity", "Mango.Services.Identity\Mango.Services.Identity.csproj", "{6593CF15-1D34-45AF-84D9-D9733EF38ADD}"
EndProject
Project("{9A19103F-16F7-4668-BE54-9A1E7A4F7556}") = "Mango.Services.CouponAPI", "Mango.Services.CouponAPI\Mango.Services.CouponAPI.csproj", "{0FA85707-4EA3-43DD-82CB-D6701F56ED65}"
EndProject
Project("{2150E333-8FDC-42A3-9474-1A3956D46DE8}") = "Integration", "Integration", "{C601DF8D-B956-4029-A958-8683776C6984}"
EndProject
Project("{9A19103F-16F7-4668-BE54-9A1E7A4F7556}") = "Mango.MessageBus", "Mango.MessageBus\Mango.MessageBus.csproj", "{A84A8FEE-6254-40A1-987F-3EDEF027FCA0}"
EndProject
Project("{9A19103F-16F7-4668-BE54-9A1E7A4F7556}") = "Mango.Services.OrderAPI", "Mango.Services.OrderAPI\Mango.Services.OrderAPI.csproj", "{FDABD3CF-76E7-4E4E-9B17-E82F4EF4E0A2}"
EndProject
Project("{2150E333-8FDC-42A3-9474-1A3956D46DE8}") = "Payments", "Payments", "{B8D4DF31-0848-4644-A70D-FB218E978A13}"
EndProject
Project("{FAE04EC0-301F-11D3-BF4B-00C04F79EFBC}") = "PaymentProcessor", "PaymentProcessor\PaymentProcessor.csproj", "{E2CB0DF1-DE25-4A8C-A779-8786A03275DD}"
EndProject
Project("{FAE04EC0-301F-11D3-BF4B-00C04F79EFBC}") = "Mango.Services.PaymentAPI", "Mango.Services.PaymentAPI\Mango.Services.PaymentAPI.csproj", "{C5073B42-B249-404A-8FA5-1383EA81C4D5}"
EndProject
Project("{FAE04EC0-301F-11D3-BF4B-00C04F79EFBC}") = "Mango.Services.Email", "Mango.Services.Email\Mango.Services.Email.csproj", "{0BF9EC17-9084-45AA-A160-8FBAFB31DE12}"
EndProject
Global
	GlobalSection(SolutionConfigurationPlatforms) = preSolution
		Debug|Any CPU = Debug|Any CPU
		Release|Any CPU = Release|Any CPU
	EndGlobalSection
	GlobalSection(ProjectConfigurationPlatforms) = postSolution
		{EDE36927-51C1-4170-9137-BD79C9DB68FF}.Debug|Any CPU.ActiveCfg = Debug|Any CPU
		{EDE36927-51C1-4170-9137-BD79C9DB68FF}.Debug|Any CPU.Build.0 = Debug|Any CPU
		{EDE36927-51C1-4170-9137-BD79C9DB68FF}.Release|Any CPU.ActiveCfg = Release|Any CPU
		{EDE36927-51C1-4170-9137-BD79C9DB68FF}.Release|Any CPU.Build.0 = Release|Any CPU
		{CDBD1445-575D-4327-AAC3-1CFE1D861F24}.Debug|Any CPU.ActiveCfg = Debug|Any CPU
		{CDBD1445-575D-4327-AAC3-1CFE1D861F24}.Debug|Any CPU.Build.0 = Debug|Any CPU
		{CDBD1445-575D-4327-AAC3-1CFE1D861F24}.Release|Any CPU.ActiveCfg = Release|Any CPU
		{CDBD1445-575D-4327-AAC3-1CFE1D861F24}.Release|Any CPU.Build.0 = Release|Any CPU
		{DBE713A0-C218-44E6-B8F3-1C883D389D4E}.Debug|Any CPU.ActiveCfg = Debug|Any CPU
		{DBE713A0-C218-44E6-B8F3-1C883D389D4E}.Debug|Any CPU.Build.0 = Debug|Any CPU
		{DBE713A0-C218-44E6-B8F3-1C883D389D4E}.Release|Any CPU.ActiveCfg = Release|Any CPU
		{DBE713A0-C218-44E6-B8F3-1C883D389D4E}.Release|Any CPU.Build.0 = Release|Any CPU
		{6593CF15-1D34-45AF-84D9-D9733EF38ADD}.Debug|Any CPU.ActiveCfg = Debug|Any CPU
		{6593CF15-1D34-45AF-84D9-D9733EF38ADD}.Debug|Any CPU.Build.0 = Debug|Any CPU
		{6593CF15-1D34-45AF-84D9-D9733EF38ADD}.Release|Any CPU.ActiveCfg = Release|Any CPU
		{6593CF15-1D34-45AF-84D9-D9733EF38ADD}.Release|Any CPU.Build.0 = Release|Any CPU
		{0FA85707-4EA3-43DD-82CB-D6701F56ED65}.Debug|Any CPU.ActiveCfg = Debug|Any CPU
		{0FA85707-4EA3-43DD-82CB-D6701F56ED65}.Debug|Any CPU.Build.0 = Debug|Any CPU
		{0FA85707-4EA3-43DD-82CB-D6701F56ED65}.Release|Any CPU.ActiveCfg = Release|Any CPU
		{0FA85707-4EA3-43DD-82CB-D6701F56ED65}.Release|Any CPU.Build.0 = Release|Any CPU
		{A84A8FEE-6254-40A1-987F-3EDEF027FCA0}.Debug|Any CPU.ActiveCfg = Debug|Any CPU
		{A84A8FEE-6254-40A1-987F-3EDEF027FCA0}.Debug|Any CPU.Build.0 = Debug|Any CPU
		{A84A8FEE-6254-40A1-987F-3EDEF027FCA0}.Release|Any CPU.ActiveCfg = Release|Any CPU
		{A84A8FEE-6254-40A1-987F-3EDEF027FCA0}.Release|Any CPU.Build.0 = Release|Any CPU
		{FDABD3CF-76E7-4E4E-9B17-E82F4EF4E0A2}.Debug|Any CPU.ActiveCfg = Debug|Any CPU
		{FDABD3CF-76E7-4E4E-9B17-E82F4EF4E0A2}.Debug|Any CPU.Build.0 = Debug|Any CPU
		{FDABD3CF-76E7-4E4E-9B17-E82F4EF4E0A2}.Release|Any CPU.ActiveCfg = Release|Any CPU
		{FDABD3CF-76E7-4E4E-9B17-E82F4EF4E0A2}.Release|Any CPU.Build.0 = Release|Any CPU
		{E2CB0DF1-DE25-4A8C-A779-8786A03275DD}.Debug|Any CPU.ActiveCfg = Debug|Any CPU
		{E2CB0DF1-DE25-4A8C-A779-8786A03275DD}.Debug|Any CPU.Build.0 = Debug|Any CPU
		{E2CB0DF1-DE25-4A8C-A779-8786A03275DD}.Release|Any CPU.ActiveCfg = Release|Any CPU
		{E2CB0DF1-DE25-4A8C-A779-8786A03275DD}.Release|Any CPU.Build.0 = Release|Any CPU
		{C5073B42-B249-404A-8FA5-1383EA81C4D5}.Debug|Any CPU.ActiveCfg = Debug|Any CPU
		{C5073B42-B249-404A-8FA5-1383EA81C4D5}.Debug|Any CPU.Build.0 = Debug|Any CPU
		{C5073B42-B249-404A-8FA5-1383EA81C4D5}.Release|Any CPU.ActiveCfg = Release|Any CPU
		{C5073B42-B249-404A-8FA5-1383EA81C4D5}.Release|Any CPU.Build.0 = Release|Any CPU
		{0BF9EC17-9084-45AA-A160-8FBAFB31DE12}.Debug|Any CPU.ActiveCfg = Debug|Any CPU
		{0BF9EC17-9084-45AA-A160-8FBAFB31DE12}.Debug|Any CPU.Build.0 = Debug|Any CPU
		{0BF9EC17-9084-45AA-A160-8FBAFB31DE12}.Release|Any CPU.ActiveCfg = Release|Any CPU
		{0BF9EC17-9084-45AA-A160-8FBAFB31DE12}.Release|Any CPU.Build.0 = Release|Any CPU
	EndGlobalSection
	GlobalSection(SolutionProperties) = preSolution
		HideSolutionNode = FALSE
	EndGlobalSection
	GlobalSection(NestedProjects) = preSolution
		{EDE36927-51C1-4170-9137-BD79C9DB68FF} = {28EFC28A-315D-48B8-B579-2E7545F68E86}
		{CDBD1445-575D-4327-AAC3-1CFE1D861F24} = {AF07DCE2-7764-4506-BB62-C9FAF6500594}
		{DBE713A0-C218-44E6-B8F3-1C883D389D4E} = {AF07DCE2-7764-4506-BB62-C9FAF6500594}
		{6593CF15-1D34-45AF-84D9-D9733EF38ADD} = {AF07DCE2-7764-4506-BB62-C9FAF6500594}
		{0FA85707-4EA3-43DD-82CB-D6701F56ED65} = {AF07DCE2-7764-4506-BB62-C9FAF6500594}
		{A84A8FEE-6254-40A1-987F-3EDEF027FCA0} = {C601DF8D-B956-4029-A958-8683776C6984}
		{FDABD3CF-76E7-4E4E-9B17-E82F4EF4E0A2} = {AF07DCE2-7764-4506-BB62-C9FAF6500594}
		{E2CB0DF1-DE25-4A8C-A779-8786A03275DD} = {B8D4DF31-0848-4644-A70D-FB218E978A13}
		{C5073B42-B249-404A-8FA5-1383EA81C4D5} = {AF07DCE2-7764-4506-BB62-C9FAF6500594}
		{0BF9EC17-9084-45AA-A160-8FBAFB31DE12} = {AF07DCE2-7764-4506-BB62-C9FAF6500594}
	EndGlobalSection
	GlobalSection(ExtensibilityGlobals) = postSolution
		SolutionGuid = {AED2EA39-B752-49A4-A768-931C106F9324}
	EndGlobalSection
EndGlobal
